
Microsoft Visual Studio Solution File, Format Version 12.00
# Visual Studio Version 17
VisualStudioVersion = 17.14.36408.4 d17.14
MinimumVisualStudioVersion = 10.0.40219.1
Project("{FAE04EC0-301F-11D3-BF4B-00C04F79EFBC}") = "BackupManager", "BackupManager.csproj", "{F26AC8EF-89FE-4151-AAD4-3036DE0E875A}"
EndProject
Global
	GlobalSection(SolutionConfigurationPlatforms) = preSolution
		Debug|Any CPU = Debug|Any CPU
		Release|Any CPU = Release|Any CPU
	EndGlobalSection
	GlobalSection(ProjectConfigurationPlatforms) = postSolution
		{F26AC8EF-89FE-4151-AAD4-3036DE0E875A}.Debug|Any CPU.ActiveCfg = Debug|Any CPU
		{F26AC8EF-89FE-4151-AAD4-3036DE0E875A}.Debug|Any CPU.Build.0 = Debug|Any CPU
		{F26AC8EF-89FE-4151-AAD4-3036DE0E875A}.Release|Any CPU.ActiveCfg = Release|Any CPU
		{F26AC8EF-89FE-4151-AAD4-3036DE0E875A}.Release|Any CPU.Build.0 = Release|Any CPU
	EndGlobalSection
	GlobalSection(SolutionProperties) = preSolution
		HideSolutionNode = FALSE
	EndGlobalSection
	GlobalSection(ExtensibilityGlobals) = postSolution
		SolutionGuid = {4D8F711C-0B91-41D5-8BEC-170FED9EB472}
	EndGlobalSection
EndGlobal
